{
  "nodes": {
    "angband": {
      "inputs": {
        "nixpkgs": [
          "nixpkgs"
        ]
      },
      "locked": {
        "lastModified": 1753255877,
        "narHash": "sha256-HSdJVO+u4iw+WdX+qtjGN0ddShMKDYF+8umUCislur8=",
        "owner": "hardfau1t",
        "repo": "angband",
        "rev": "63a69d39615b8fa05ce6a0bddb46cb82b640ab36",
        "type": "github"
      },
      "original": {
        "owner": "hardfau1t",
        "repo": "angband",
        "type": "github"
      }
    },
    "flake-utils": {
      "inputs": {
        "systems": "systems"
      },
      "locked": {
        "lastModified": 1731533236,
        "narHash": "sha256-l0KFg5HjrsfsO/JpG+r7fRrqm12kzFHyUHqHCVpMMbI=",
        "owner": "numtide",
        "repo": "flake-utils",
        "rev": "11707dc2f618dd54ca8739b309ec4fc024de578b",
        "type": "github"
      },
      "original": {
        "owner": "numtide",
        "repo": "flake-utils",
        "type": "github"
      }
    },
    "home-manager": {
      "inputs": {
        "nixpkgs": [
          "nixpkgs"
        ]
      },
      "locked": {
        "lastModified": 1775425411,
        "narHash": "sha256-KY6HsebJHEe5nHOWP7ur09mb0drGxYSzE3rQxy62rJo=",
        "owner": "nix-community",
        "repo": "home-manager",
        "rev": "0d02ec1d0a05f88ef9e74b516842900c41f0f2fe",
        "type": "github"
      },
      "original": {
        "owner": "nix-community",
        "ref": "release-25.11",
        "repo": "home-manager",
        "type": "github"
      }
    },
    "mscout": {
      "inputs": {
        "flake-utils": "flake-utils",
        "nixpkgs": [
          "nixpkgs"
        ],
        "rust-overlay": "rust-overlay"
      },
      "locked": {
        "lastModified": 1765884189,
        "narHash": "sha256-XSlpXHjAhgdBE86my5vY9fG9IoGVk1aLmQ3sVncGEeI=",
        "owner": "hardfau1t",
        "repo": "mscout",
        "rev": "e258468e5a7a226971c69821831239c3190ca8d2",
        "type": "github"
      },
      "original": {
        "owner": "hardfau1t",
        "repo": "mscout",
        "type": "github"
      }
    },
    "nixpkgs": {
      "locked": {
        "lastModified": 1775525138,
        "narHash": "sha256-BQb70+B378ECLO8iQT3P/b1hCC5/CJVHZdeulY8futc=",
        "owner": "nixos",
        "repo": "nixpkgs",
        "rev": "d96b37bbeb9840f1c0ebfe90585ef5067b69bbb3",
        "type": "github"
      },
      "original": {
        "owner": "nixos",
        "ref": "nixos-25.11",
        "repo": "nixpkgs",
        "type": "github"
      }
    },
    "nixpkgs_unstable": {
      "locked": {
        "lastModified": 1775637914,
        "narHash": "sha256-o/IGeR6mUk72VZZlEndonV51XzQmQ7aferW5n8pZCuY=",
        "owner": "nixos",
        "repo": "nixpkgs",
        "rev": "466ceb6b8a6afd02b42991e204d926ea8ebf602c",
        "type": "github"
      },
      "original": {
        "owner": "nixos",
        "repo": "nixpkgs",
        "type": "github"
      }
    },
    "root": {
      "inputs": {
        "angband": "angband",
        "home-manager": "home-manager",
        "mscout": "mscout",
        "nixpkgs": "nixpkgs",
        "nixpkgs_unstable": "nixpkgs_unstable",
        "zen-browser": "zen-browser"
      }
    },
    "rust-overlay": {
      "inputs": {
        "nixpkgs": [
          "mscout",
          "nixpkgs"
        ]
      },
      "locked": {
        "lastModified": 1738031147,
        "narHash": "sha256-F4Iuu4YmqbIP7pba3tvfT2jh+Ydri4Hm51Gn0ep504w=",
        "owner": "oxalica",
        "repo": "rust-overlay",
        "rev": "9a55a224af34b4f74526c261aeccd8d40af5e4f2",
        "type": "github"
      },
      "original": {
        "owner": "oxalica",
        "repo": "rust-overlay",
        "type": "github"
      }
    },
    "systems": {
      "locked": {
        "lastModified": 1681028828,
        "narHash": "sha256-Vy1rq5AaRuLzOxct8nz4T6wlgyUR7zLU309k9mBC768=",
        "owner": "nix-systems",
        "repo": "default",
        "rev": "da67096a3b9bf56a91d16901293e51ba5b49a27e",
        "type": "github"
      },
      "original": {
        "owner": "nix-systems",
        "repo": "default",
        "type": "github"
      }
    },
    "zen-browser": {
      "inputs": {
        "nixpkgs": [
          "nixpkgs"
        ]
      },
      "locked": {
        "lastModified": 1775277437,
        "narHash": "sha256-zCi04nIBNwTMt8n35w9cBgNUqnyhbjivsGlx6/Qhqug=",
        "owner": "youwen5",
        "repo": "zen-browser-flake",
        "rev": "de6d9094822a8f87fc380d1638f34d6cc6fa68ca",
        "type": "github"
      },
      "original": {
        "owner": "youwen5",
        "repo": "zen-browser-flake",
        "type": "github"
      }
    }
  },
  "root": "root",
  "version": 7
}
