{
  "nodes": {
    "angband": {
      "inputs": {
        "nixpkgs": [
          "nixpkgs"
        ]
      },
      "locked": {
        "lastModified": 1753255877,
        "narHash": "sha256-HSdJVO+u4iw+WdX+qtjGN0ddShMKDYF+8umUCislur8=",
        "owner": "hardfau1t",
        "repo": "angband",
        "rev": "63a69d39615b8fa05ce6a0bddb46cb82b640ab36",
        "type": "github"
      },
      "original": {
        "owner": "hardfau1t",
        "repo": "angband",
        "type": "github"
      }
    },
    "flake-utils": {
      "inputs": {
        "systems": "systems"
      },
      "locked": {
        "lastModified": 1731533236,
        "narHash": "sha256-l0KFg5HjrsfsO/JpG+r7fRrqm12kzFHyUHqHCVpMMbI=",
        "owner": "numtide",
        "repo": "flake-utils",
        "rev": "11707dc2f618dd54ca8739b309ec4fc024de578b",
        "type": "github"
      },
      "original": {
        "owner": "numtide",
        "repo": "flake-utils",
        "type": "github"
      }
    },
    "home-manager": {
      "inputs": {
        "nixpkgs": [
          "nixpkgs"
        ]
      },
      "locked": {
        "lastModified": 1756679287,
        "narHash": "sha256-Xd1vOeY9ccDf5VtVK12yM0FS6qqvfUop8UQlxEB+gTQ=",
        "owner": "nix-community",
        "repo": "home-manager",
        "rev": "07fc025fe10487dd80f2ec694f1cd790e752d0e8",
        "type": "github"
      },
      "original": {
        "owner": "nix-community",
        "ref": "release-25.05",
        "repo": "home-manager",
        "type": "github"
      }
    },
    "mscout": {
      "inputs": {
        "flake-utils": "flake-utils",
        "nixpkgs": [
          "nixpkgs"
        ],
        "rust-overlay": "rust-overlay"
      },
      "locked": {
        "lastModified": 1745913140,
        "narHash": "sha256-NVuAxc1MJMLHQmIIGyu3TPSNcpwrOxW7rZ4jxkPqiS4=",
        "owner": "hardfau1t",
        "repo": "mscout",
        "rev": "2c90b371ee48cc39690946e872d9e180c7d0c761",
        "type": "github"
      },
      "original": {
        "owner": "hardfau1t",
        "repo": "mscout",
        "type": "github"
      }
    },
    "nixpkgs": {
      "locked": {
        "lastModified": 1757341549,
        "narHash": "sha256-fRnT+bwP1sB6ne7BLw4aXkVYjr+QCZZ+e4MhbokHyd4=",
        "owner": "nixos",
        "repo": "nixpkgs",
        "rev": "9d1fa9fa266631335618373f8faad570df6f9ede",
        "type": "github"
      },
      "original": {
        "owner": "nixos",
        "ref": "nixos-25.05",
        "repo": "nixpkgs",
        "type": "github"
      }
    },
    "nixpkgs_pinned": {
      "locked": {
        "lastModified": 1746663147,
        "narHash": "sha256-Ua0drDHawlzNqJnclTJGf87dBmaO/tn7iZ+TCkTRpRc=",
        "owner": "nixos",
        "repo": "nixpkgs",
        "rev": "dda3dcd3fe03e991015e9a74b22d35950f264a54",
        "type": "github"
      },
      "original": {
        "owner": "nixos",
        "ref": "dda3dcd3fe03e991015e9a74b22d35950f264a54",
        "repo": "nixpkgs",
        "type": "github"
      }
    },
    "root": {
      "inputs": {
        "angband": "angband",
        "home-manager": "home-manager",
        "mscout": "mscout",
        "nixpkgs": "nixpkgs",
        "nixpkgs_pinned": "nixpkgs_pinned",
        "zen-browser": "zen-browser"
      }
    },
    "rust-overlay": {
      "inputs": {
        "nixpkgs": [
          "mscout",
          "nixpkgs"
        ]
      },
      "locked": {
        "lastModified": 1738031147,
        "narHash": "sha256-F4Iuu4YmqbIP7pba3tvfT2jh+Ydri4Hm51Gn0ep504w=",
        "owner": "oxalica",
        "repo": "rust-overlay",
        "rev": "9a55a224af34b4f74526c261aeccd8d40af5e4f2",
        "type": "github"
      },
      "original": {
        "owner": "oxalica",
        "repo": "rust-overlay",
        "type": "github"
      }
    },
    "systems": {
      "locked": {
        "lastModified": 1681028828,
        "narHash": "sha256-Vy1rq5AaRuLzOxct8nz4T6wlgyUR7zLU309k9mBC768=",
        "owner": "nix-systems",
        "repo": "default",
        "rev": "da67096a3b9bf56a91d16901293e51ba5b49a27e",
        "type": "github"
      },
      "original": {
        "owner": "nix-systems",
        "repo": "default",
        "type": "github"
      }
    },
    "zen-browser": {
      "inputs": {
        "nixpkgs": [
          "nixpkgs"
        ]
      },
      "locked": {
        "lastModified": 1757304371,
        "narHash": "sha256-EZ3Vwgh5xgXuiPUmr9e1a9dEu3hvEWhRurAKpsAwB2A=",
        "owner": "youwen5",
        "repo": "zen-browser-flake",
        "rev": "3968348af022fe88468ef8de4f9683076e2e5e4b",
        "type": "github"
      },
      "original": {
        "owner": "youwen5",
        "repo": "zen-browser-flake",
        "type": "github"
      }
    }
  },
  "root": "root",
  "version": 7
}
